
Microsoft Visual Studio Solution File, Format Version 12.00
# Visual Studio Version 17
VisualStudioVersion = 17.9.34902.65
MinimumVisualStudioVersion = 10.0.40219.1
Project("{FAE04EC0-301F-11D3-BF4B-00C04F79EFBC}") = "TestContactPoint", "TestContactPoint\TestContactPoint.csproj", "{BF1802DC-656A-4C4E-97A8-5D22AD0E9870}"
EndProject
Global
	GlobalSection(SolutionConfigurationPlatforms) = preSolution
		Debug|Any CPU = Debug|Any CPU
		Release|Any CPU = Release|Any CPU
	EndGlobalSection
	GlobalSection(ProjectConfigurationPlatforms) = postSolution
		{BF1802DC-656A-4C4E-97A8-5D22AD0E9870}.Debug|Any CPU.ActiveCfg = Debug|Any CPU
		{BF1802DC-656A-4C4E-97A8-5D22AD0E9870}.Debug|Any CPU.Build.0 = Debug|Any CPU
		{BF1802DC-656A-4C4E-97A8-5D22AD0E9870}.Release|Any CPU.ActiveCfg = Release|Any CPU
		{BF1802DC-656A-4C4E-97A8-5D22AD0E9870}.Release|Any CPU.Build.0 = Release|Any CPU
	EndGlobalSection
	GlobalSection(SolutionProperties) = preSolution
		HideSolutionNode = FALSE
	EndGlobalSection
	GlobalSection(ExtensibilityGlobals) = postSolution
		SolutionGuid = {BF7C5AA9-B0A4-4788-B176-7AAD0875828C}
	EndGlobalSection
EndGlobal
